
Microsoft Visual Studio Solution File, Format Version 12.00
Project("{FAE04EC0-301F-11D3-BF4B-00C04F79EFBC}") = "yt-dlp-webapi", "yt-dlp-webapi\yt-dlp-webapi.csproj", "{0A48B362-3E04-46F3-B8D1-C1F8FEAA0F72}"
EndProject
Global
	GlobalSection(SolutionConfigurationPlatforms) = preSolution
		Debug|Any CPU = Debug|Any CPU
		Release|Any CPU = Release|Any CPU
	EndGlobalSection
	GlobalSection(ProjectConfigurationPlatforms) = postSolution
		{0A48B362-3E04-46F3-B8D1-C1F8FEAA0F72}.Debug|Any CPU.ActiveCfg = Debug|Any CPU
		{0A48B362-3E04-46F3-B8D1-C1F8FEAA0F72}.Debug|Any CPU.Build.0 = Debug|Any CPU
		{0A48B362-3E04-46F3-B8D1-C1F8FEAA0F72}.Release|Any CPU.ActiveCfg = Release|Any CPU
		{0A48B362-3E04-46F3-B8D1-C1F8FEAA0F72}.Release|Any CPU.Build.0 = Release|Any CPU
	EndGlobalSection
EndGlobal
